# This file is automatically @generated by Cargo.
# It is not intended for manual editing.
version = 4

[[package]]
name = "spellchess-cli"
version = "0.1.0"
dependencies = [
 "spellchess-core",
 "spellchess-search",
]

[[package]]
name = "spellchess-core"
version = "0.1.0"

[[package]]
name = "spellchess-search"
version = "0.1.0"
dependencies = [
 "spellchess-core",
]
